
Microsoft Visual Studio Solution File, Format Version 12.00
# Visual Studio 15
VisualStudioVersion = 15.0.27703.2000
MinimumVisualStudioVersion = 10.0.40219.1
Project("{FAE04EC0-301F-11D3-BF4B-00C04F79EFBC}") = "HttpAuthentication.Modules", "HttpAuthentication.Modules\HttpAuthentication.Modules.csproj", "{8EAFBD46-C906-4A23-8B7D-C68B7D5422C8}"
EndProject
Global
	GlobalSection(SolutionConfigurationPlatforms) = preSolution
		Debug|Any CPU = Debug|Any CPU
		Release|Any CPU = Release|Any CPU
	EndGlobalSection
	GlobalSection(ProjectConfigurationPlatforms) = postSolution
		{8EAFBD46-C906-4A23-8B7D-C68B7D5422C8}.Debug|Any CPU.ActiveCfg = Debug|Any CPU
		{8EAFBD46-C906-4A23-8B7D-C68B7D5422C8}.Debug|Any CPU.Build.0 = Debug|Any CPU
		{8EAFBD46-C906-4A23-8B7D-C68B7D5422C8}.Release|Any CPU.ActiveCfg = Release|Any CPU
		{8EAFBD46-C906-4A23-8B7D-C68B7D5422C8}.Release|Any CPU.Build.0 = Release|Any CPU
	EndGlobalSection
	GlobalSection(SolutionProperties) = preSolution
		HideSolutionNode = FALSE
	EndGlobalSection
	GlobalSection(ExtensibilityGlobals) = postSolution
		SolutionGuid = {19CCF73E-B259-4920-8355-82C770F21430}
	EndGlobalSection
EndGlobal
